
Microsoft Visual Studio Solution File, Format Version 12.00
# Visual Studio 2013
VisualStudioVersion = 12.0.40629.0
MinimumVisualStudioVersion = 10.0.40219.1
Project("{FAE04EC0-301F-11D3-BF4B-00C04F79EFBC}") = "Ephesto.Domain.Tests", "Ephesto.Domain.Tests\Ephesto.Domain.Tests.csproj", "{1B83BB2A-22EC-443A-9EC4-38E6B81FC735}"
EndProject
Project("{FAE04EC0-301F-11D3-BF4B-00C04F79EFBC}") = "Ephesto.Domain", "Ephesto.Domain\Ephesto.Domain.csproj", "{9A4FD510-E857-49E8-B327-4926064D05D1}"
EndProject
Project("{2150E333-8FDC-42A3-9474-1A3956D46DE8}") = "0_Domain", "0_Domain", "{8AD9F509-07D1-4707-B7E1-5FE6D82322A1}"
EndProject
Project("{2150E333-8FDC-42A3-9474-1A3956D46DE8}") = "1_Repository", "1_Repository", "{72727C90-5268-4F77-9C8E-CB8B62DCA93E}"
EndProject
Project("{FAE04EC0-301F-11D3-BF4B-00C04F79EFBC}") = "Ephesto.Repository", "Ephesto.Repository\Ephesto.Repository.csproj", "{8EFF66DD-0ECF-4C84-91C0-CD64641F7E6D}"
EndProject
Project("{FAE04EC0-301F-11D3-BF4B-00C04F79EFBC}") = "Ephesto.Repository.Tests", "Ephesto.Repository.Tests\Ephesto.Repository.Tests.csproj", "{07D815F1-4D3B-433A-A966-3A3C798FCFB7}"
EndProject
Project("{2150E333-8FDC-42A3-9474-1A3956D46DE8}") = "2_IoC", "2_IoC", "{CD790487-57D8-427B-8C14-332C78D62ABF}"
EndProject
Project("{2150E333-8FDC-42A3-9474-1A3956D46DE8}") = "3_Presentation", "3_Presentation", "{90293A0A-A188-41E4-9838-C31846396102}"
EndProject
Project("{FAE04EC0-301F-11D3-BF4B-00C04F79EFBC}") = "Ephesto.Web", "Ephesto.Web\Ephesto.Web.csproj", "{35162717-C563-4169-8137-1217EC543F88}"
EndProject
Project("{FAE04EC0-301F-11D3-BF4B-00C04F79EFBC}") = "Ephesto.Web.Tests", "Ephesto.Web.Tests\Ephesto.Web.Tests.csproj", "{3C2F527B-C00F-4515-B29C-7C19162C56F6}"
EndProject
Global
	GlobalSection(SolutionConfigurationPlatforms) = preSolution
		Debug|Any CPU = Debug|Any CPU
		Release|Any CPU = Release|Any CPU
	EndGlobalSection
	GlobalSection(ProjectConfigurationPlatforms) = postSolution
		{1B83BB2A-22EC-443A-9EC4-38E6B81FC735}.Debug|Any CPU.ActiveCfg = Debug|Any CPU
		{1B83BB2A-22EC-443A-9EC4-38E6B81FC735}.Debug|Any CPU.Build.0 = Debug|Any CPU
		{1B83BB2A-22EC-443A-9EC4-38E6B81FC735}.Release|Any CPU.ActiveCfg = Release|Any CPU
		{1B83BB2A-22EC-443A-9EC4-38E6B81FC735}.Release|Any CPU.Build.0 = Release|Any CPU
		{9A4FD510-E857-49E8-B327-4926064D05D1}.Debug|Any CPU.ActiveCfg = Debug|Any CPU
		{9A4FD510-E857-49E8-B327-4926064D05D1}.Debug|Any CPU.Build.0 = Debug|Any CPU
		{9A4FD510-E857-49E8-B327-4926064D05D1}.Release|Any CPU.ActiveCfg = Release|Any CPU
		{9A4FD510-E857-49E8-B327-4926064D05D1}.Release|Any CPU.Build.0 = Release|Any CPU
		{8EFF66DD-0ECF-4C84-91C0-CD64641F7E6D}.Debug|Any CPU.ActiveCfg = Debug|Any CPU
		{8EFF66DD-0ECF-4C84-91C0-CD64641F7E6D}.Debug|Any CPU.Build.0 = Debug|Any CPU
		{8EFF66DD-0ECF-4C84-91C0-CD64641F7E6D}.Release|Any CPU.ActiveCfg = Release|Any CPU
		{8EFF66DD-0ECF-4C84-91C0-CD64641F7E6D}.Release|Any CPU.Build.0 = Release|Any CPU
		{07D815F1-4D3B-433A-A966-3A3C798FCFB7}.Debug|Any CPU.ActiveCfg = Debug|Any CPU
		{07D815F1-4D3B-433A-A966-3A3C798FCFB7}.Debug|Any CPU.Build.0 = Debug|Any CPU
		{07D815F1-4D3B-433A-A966-3A3C798FCFB7}.Release|Any CPU.ActiveCfg = Release|Any CPU
		{07D815F1-4D3B-433A-A966-3A3C798FCFB7}.Release|Any CPU.Build.0 = Release|Any CPU
		{35162717-C563-4169-8137-1217EC543F88}.Debug|Any CPU.ActiveCfg = Debug|Any CPU
		{35162717-C563-4169-8137-1217EC543F88}.Debug|Any CPU.Build.0 = Debug|Any CPU
		{35162717-C563-4169-8137-1217EC543F88}.Release|Any CPU.ActiveCfg = Release|Any CPU
		{35162717-C563-4169-8137-1217EC543F88}.Release|Any CPU.Build.0 = Release|Any CPU
		{3C2F527B-C00F-4515-B29C-7C19162C56F6}.Debug|Any CPU.ActiveCfg = Debug|Any CPU
		{3C2F527B-C00F-4515-B29C-7C19162C56F6}.Debug|Any CPU.Build.0 = Debug|Any CPU
		{3C2F527B-C00F-4515-B29C-7C19162C56F6}.Release|Any CPU.ActiveCfg = Release|Any CPU
		{3C2F527B-C00F-4515-B29C-7C19162C56F6}.Release|Any CPU.Build.0 = Release|Any CPU
	EndGlobalSection
	GlobalSection(SolutionProperties) = preSolution
		HideSolutionNode = FALSE
	EndGlobalSection
	GlobalSection(NestedProjects) = preSolution
		{1B83BB2A-22EC-443A-9EC4-38E6B81FC735} = {8AD9F509-07D1-4707-B7E1-5FE6D82322A1}
		{9A4FD510-E857-49E8-B327-4926064D05D1} = {8AD9F509-07D1-4707-B7E1-5FE6D82322A1}
		{8EFF66DD-0ECF-4C84-91C0-CD64641F7E6D} = {72727C90-5268-4F77-9C8E-CB8B62DCA93E}
		{07D815F1-4D3B-433A-A966-3A3C798FCFB7} = {72727C90-5268-4F77-9C8E-CB8B62DCA93E}
		{35162717-C563-4169-8137-1217EC543F88} = {90293A0A-A188-41E4-9838-C31846396102}
		{3C2F527B-C00F-4515-B29C-7C19162C56F6} = {90293A0A-A188-41E4-9838-C31846396102}
	EndGlobalSection
EndGlobal
